
Microsoft Visual Studio Solution File, Format Version 12.00
# Visual Studio 15
VisualStudioVersion = 15.0.27703.2000
MinimumVisualStudioVersion = 10.0.40219.1
Project("{9A19103F-16F7-4668-BE54-9A1E7A4F7556}") = "Portfolio", "Portfolio\Portfolio.csproj", "{BF41B50E-5D68-4620-BAB4-ADDC52E03F5C}"
	ProjectSection(ProjectDependencies) = postProject
		{5A7C8505-D007-4CFC-96F5-321583E0DE8C} = {5A7C8505-D007-4CFC-96F5-321583E0DE8C}
	EndProjectSection
EndProject
Project("{9A19103F-16F7-4668-BE54-9A1E7A4F7556}") = "Portfolio.Test", "Portfolio.Test\Portfolio.Test.csproj", "{680CE736-4DC3-406D-A78D-DCCABC4A74F4}"
EndProject
Project("{2150E333-8FDC-42A3-9474-1A3956D46DE8}") = "Documentation", "Documentation", "{59804C9D-9C4F-4085-BA86-0C3FBBEBC356}"
EndProject
Project("{2150E333-8FDC-42A3-9474-1A3956D46DE8}") = "UML", "UML", "{E635AA6C-EA9B-4E58-B0FB-B49EA361F401}"
EndProject
Project("{9092AA53-FB77-4645-B42D-1CCCA6BD08BD}") = "Portfolio.Test.TS", "Portfolio.Test.TS\Portfolio.Test.TS.njsproj", "{5371ADA0-3129-49AE-84DC-069EB4C6560C}"
EndProject
Project("{FAE04EC0-301F-11D3-BF4B-00C04F79EFBC}") = "Shared", "Shared\Shared.csproj", "{5A7C8505-D007-4CFC-96F5-321583E0DE8C}"
EndProject
Global
	GlobalSection(SolutionConfigurationPlatforms) = preSolution
		Debug|Any CPU = Debug|Any CPU
		Release|Any CPU = Release|Any CPU
	EndGlobalSection
	GlobalSection(ProjectConfigurationPlatforms) = postSolution
		{BF41B50E-5D68-4620-BAB4-ADDC52E03F5C}.Debug|Any CPU.ActiveCfg = Debug|Any CPU
		{BF41B50E-5D68-4620-BAB4-ADDC52E03F5C}.Debug|Any CPU.Build.0 = Debug|Any CPU
		{BF41B50E-5D68-4620-BAB4-ADDC52E03F5C}.Release|Any CPU.ActiveCfg = Release|Any CPU
		{BF41B50E-5D68-4620-BAB4-ADDC52E03F5C}.Release|Any CPU.Build.0 = Release|Any CPU
		{680CE736-4DC3-406D-A78D-DCCABC4A74F4}.Debug|Any CPU.ActiveCfg = Debug|Any CPU
		{680CE736-4DC3-406D-A78D-DCCABC4A74F4}.Debug|Any CPU.Build.0 = Debug|Any CPU
		{680CE736-4DC3-406D-A78D-DCCABC4A74F4}.Release|Any CPU.ActiveCfg = Release|Any CPU
		{680CE736-4DC3-406D-A78D-DCCABC4A74F4}.Release|Any CPU.Build.0 = Release|Any CPU
		{5371ADA0-3129-49AE-84DC-069EB4C6560C}.Debug|Any CPU.ActiveCfg = Debug|Any CPU
		{5371ADA0-3129-49AE-84DC-069EB4C6560C}.Debug|Any CPU.Build.0 = Debug|Any CPU
		{5371ADA0-3129-49AE-84DC-069EB4C6560C}.Release|Any CPU.ActiveCfg = Release|Any CPU
		{5371ADA0-3129-49AE-84DC-069EB4C6560C}.Release|Any CPU.Build.0 = Release|Any CPU
		{5A7C8505-D007-4CFC-96F5-321583E0DE8C}.Debug|Any CPU.ActiveCfg = Debug|Any CPU
		{5A7C8505-D007-4CFC-96F5-321583E0DE8C}.Debug|Any CPU.Build.0 = Debug|Any CPU
		{5A7C8505-D007-4CFC-96F5-321583E0DE8C}.Release|Any CPU.ActiveCfg = Release|Any CPU
		{5A7C8505-D007-4CFC-96F5-321583E0DE8C}.Release|Any CPU.Build.0 = Release|Any CPU
	EndGlobalSection
	GlobalSection(SolutionProperties) = preSolution
		HideSolutionNode = FALSE
	EndGlobalSection
	GlobalSection(NestedProjects) = preSolution
		{E635AA6C-EA9B-4E58-B0FB-B49EA361F401} = {59804C9D-9C4F-4085-BA86-0C3FBBEBC356}
	EndGlobalSection
	GlobalSection(ExtensibilityGlobals) = postSolution
		SolutionGuid = {053E875C-8E09-4C7B-8908-411D75693F5C}
	EndGlobalSection
EndGlobal
